// !$*UTF8*$!
{
	archiveVersion = 1;
	classes = {
	};
	objectVersion = 50;
	objects = {

/* Begin PBXBuildFile section */
		5A30DE132491C6100097A07D /* AppDelegate.swift in Sources */ = {isa = PBXBuildFile; fileRef = 5A30DE122491C6100097A07D /* AppDelegate.swift */; };
		5A30DE152491C6100097A07D /* ViewController.swift in Sources */ = {isa = PBXBuildFile; fileRef = 5A30DE142491C6100097A07D /* ViewController.swift */; };
		5A30DE172491C6100097A07D /* Experience.rcproject in Sources */ = {isa = PBXBuildFile; fileRef = 5A30DE162491C6100097A07D /* Experience.rcproject */; };
		5A30DE1A2491C6100097A07D /* Main.storyboard in Resources */ = {isa = PBXBuildFile; fileRef = 5A30DE182491C6100097A07D /* Main.storyboard */; };
		5A30DE1C2491C6100097A07D /* Assets.xcassets in Resources */ = {isa = PBXBuildFile; fileRef = 5A30DE1B2491C6100097A07D /* Assets.xcassets */; };
		5A30DE1F2491C6100097A07D /* LaunchScreen.storyboard in Resources */ = {isa = PBXBuildFile; fileRef = 5A30DE1D2491C6100097A07D /* LaunchScreen.storyboard */; };
		5A30DE272491ED790097A07D /* USDZ-Resources in Resources */ = {isa = PBXBuildFile; fileRef = 5A30DE262491ED790097A07D /* USDZ-Resources */; };
/* End PBXBuildFile section */

/* Begin PBXFileReference section */
		5A30DE0F2491C6100097A07D /* Lunox.app */ = {isa = PBXFileReference; explicitFileType = wrapper.application; includeInIndex = 0; path = Lunox.app; sourceTree = BUILT_PRODUCTS_DIR; };
		5A30DE122491C6100097A07D /* AppDelegate.swift */ = {isa = PBXFileReference; lastKnownFileType = sourcecode.swift; path = AppDelegate.swift; sourceTree = "<group>"; };
		5A30DE142491C6100097A07D /* ViewController.swift */ = {isa = PBXFileReference; lastKnownFileType = sourcecode.swift; path = ViewController.swift; sourceTree = "<group>"; };
		5A30DE162491C6100097A07D /* Experience.rcproject */ = {isa = PBXFileReference; lastKnownFileType = file.rcproject; path = Experience.rcproject; sourceTree = "<group>"; };
		5A30DE192491C6100097A07D /* Base */ = {isa = PBXFileReference; lastKnownFileType = file.storyboard; name = Base; path = Base.lproj/Main.storyboard; sourceTree = "<group>"; };
		5A30DE1B2491C6100097A07D /* Assets.xcassets */ = {isa = PBXFileReference; lastKnownFileType = folder.assetcatalog; path = Assets.xcassets; sourceTree = "<group>"; };
		5A30DE1E2491C6100097A07D /* Base */ = {isa = PBXFileReference; lastKnownFileType = file.storyboard; name = Base; path = Base.lproj/LaunchScreen.storyboard; sourceTree = "<group>"; };
		5A30DE202491C6100097A07D /* Info.plist */ = {isa = PBXFileReference; lastKnownFileType = text.plist.xml; path = Info.plist; sourceTree = "<group>"; };
		5A30DE262491ED790097A07D /* USDZ-Resources */ = {isa = PBXFileReference; lastKnownFileType = folder; path = "USDZ-Resources"; sourceTree = "<group>"; };
/* End PBXFileReference section */

/* Begin PBXFrameworksBuildPhase section */
		5A30DE0C2491C6100097A07D /* Frameworks */ = {
			isa = PBXFrameworksBuildPhase;
			buildActionMask = 2147483647;
			files = (
			);
			runOnlyForDeploymentPostprocessing = 0;
		};
/* End PBXFrameworksBuildPhase section */

/* Begin PBXGroup section */
		5A30DE062491C6100097A07D = {
			isa = PBXGroup;
			children = (
				5A30DE112491C6100097A07D /* Lunox */,
				5A30DE102491C6100097A07D /* Products */,
			);
			sourceTree = "<group>";
		};
		5A30DE102491C6100097A07D /* Products */ = {
			isa = PBXGroup;
			children = (
				5A30DE0F2491C6100097A07D /* Lunox.app */,
			);
			name = Products;
			sourceTree = "<group>";
		};
		5A30DE112491C6100097A07D /* Lunox */ = {
			isa = PBXGroup;
			children = (
				5A30DE122491C6100097A07D /* AppDelegate.swift */,
				5A30DE142491C6100097A07D /* ViewController.swift */,
				5A30DE162491C6100097A07D /* Experience.rcproject */,
				5A30DE182491C6100097A07D /* Main.storyboard */,
				5A30DE1B2491C6100097A07D /* Assets.xcassets */,
				5A30DE262491ED790097A07D /* USDZ-Resources */,
				5A30DE1D2491C6100097A07D /* LaunchScreen.storyboard */,
				5A30DE202491C6100097A07D /* Info.plist */,
			);
			path = Lunox;
			sourceTree = "<group>";
		};
/* End PBXGroup section */

/* Begin PBXNativeTarget section */
		5A30DE0E2491C6100097A07D /* Lunox */ = {
			isa = PBXNativeTarget;
			buildConfigurationList = 5A30DE232491C6100097A07D /* Build configuration list for PBXNativeTarget "Lunox" */;
			buildPhases = (
				5A30DE0B2491C6100097A07D /* Sources */,
				5A30DE0C2491C6100097A07D /* Frameworks */,
				5A30DE0D2491C6100097A07D /* Resources */,
			);
			buildRules = (
			);
			dependencies = (
			);
			name = Lunox;
			productName = Lunox;
			productReference = 5A30DE0F2491C6100097A07D /* Lunox.app */;
			productType = "com.apple.product-type.application";
		};
/* End PBXNativeTarget section */

/* Begin PBXProject section */
		5A30DE072491C6100097A07D /* Project object */ = {
			isa = PBXProject;
			attributes = {
				LastSwiftUpdateCheck = 1150;
				LastUpgradeCheck = 1150;
				ORGANIZATIONNAME = "Setiawan Joddy";
				TargetAttributes = {
					5A30DE0E2491C6100097A07D = {
						CreatedOnToolsVersion = 11.5;
					};
				};
			};
			buildConfigurationList = 5A30DE0A2491C6100097A07D /* Build configuration list for PBXProject "Lunox" */;
			compatibilityVersion = "Xcode 9.3";
			developmentRegion = en;
			hasScannedForEncodings = 0;
			knownRegions = (
				en,
				Base,
			);
			mainGroup = 5A30DE062491C6100097A07D;
			productRefGroup = 5A30DE102491C6100097A07D /* Products */;
			projectDirPath = "";
			projectRoot = "";
			targets = (
				5A30DE0E2491C6100097A07D /* Lunox */,
			);
		};
/* End PBXProject section */

/* Begin PBXResourcesBuildPhase section */
		5A30DE0D2491C6100097A07D /* Resources */ = {
			isa = PBXResourcesBuildPhase;
			buildActionMask = 2147483647;
			files = (
				5A30DE272491ED790097A07D /* USDZ-Resources in Resources */,
				5A30DE1F2491C6100097A07D /* LaunchScreen.storyboard in Resources */,
				5A30DE1C2491C6100097A07D /* Assets.xcassets in Resources */,
				5A30DE1A2491C6100097A07D /* Main.storyboard in Resources */,
			);
			runOnlyForDeploymentPostprocessing = 0;
		};
/* End PBXResourcesBuildPhase section */

/* Begin PBXSourcesBuildPhase section */
		5A30DE0B2491C6100097A07D /* Sources */ = {
			isa = PBXSourcesBuildPhase;
			buildActionMask = 2147483647;
			files = (
				5A30DE152491C6100097A07D /* ViewController.swift in Sources */,
				5A30DE132491C6100097A07D /* AppDelegate.swift in Sources */,
				5A30DE172491C6100097A07D /* Experience.rcproject in Sources */,
			);
			runOnlyForDeploymentPostprocessing = 0;
		};
/* End PBXSourcesBuildPhase section */

/* Begin PBXVariantGroup section */
		5A30DE182491C6100097A07D /* Main.storyboard */ = {
			isa = PBXVariantGroup;
			children = (
				5A30DE192491C6100097A07D /* Base */,
			);
			name = Main.storyboard;
			sourceTree = "<group>";
		};
		5A30DE1D2491C6100097A07D /* LaunchScreen.storyboard */ = {
			isa = PBXVariantGroup;
			children = (
				5A30DE1E2491C6100097A07D /* Base */,
			);
			name = LaunchScreen.storyboard;
			sourceTree = "<group>";
		};
/* End PBXVariantGroup section */

/* Begin XCBuildConfiguration section */
		5A30DE212491C6100097A07D /* Debug */ = {
			isa = XCBuildConfiguration;
			buildSettings = {
				ALWAYS_SEARCH_USER_PATHS = NO;
				CLANG_ANALYZER_NONNULL = YES;
				CLANG_ANALYZER_NUMBER_OBJECT_CONVERSION = YES_AGGRESSIVE;
				CLANG_CXX_LANGUAGE_STANDARD = "gnu++14";
				CLANG_CXX_LIBRARY = "libc++";
				CLANG_ENABLE_MODULES = YES;
				CLANG_ENABLE_OBJC_ARC = YES;
				CLANG_ENABLE_OBJC_WEAK = YES;
				CLANG_WARN_BLOCK_CAPTURE_AUTORELEASING = YES;
				CLANG_WARN_BOOL_CONVERSION = YES;
				CLANG_WARN_COMMA = YES;
				CLANG_WARN_CONSTANT_CONVERSION = YES;
				CLANG_WARN_DEPRECATED_OBJC_IMPLEMENTATIONS = YES;
				CLANG_WARN_DIRECT_OBJC_ISA_USAGE = YES_ERROR;
				CLANG_WARN_DOCUMENTATION_COMMENTS = YES;
				CLANG_WARN_EMPTY_BODY = YES;
				CLANG_WARN_ENUM_CONVERSION = YES;
				CLANG_WARN_INFINITE_RECURSION = YES;
				CLANG_WARN_INT_CONVERSION = YES;
				CLANG_WARN_NON_LITERAL_NULL_CONVERSION = YES;
				CLANG_WARN_OBJC_IMPLICIT_RETAIN_SELF = YES;
				CLANG_WARN_OBJC_LITERAL_CONVERSION = YES;
				CLANG_WARN_OBJC_ROOT_CLASS = YES_ERROR;
				CLANG_WARN_RANGE_LOOP_ANALYSIS = YES;
				CLANG_WARN_STRICT_PROTOTYPES = YES;
				CLANG_WARN_SUSPICIOUS_MOVE = YES;
				CLANG_WARN_UNGUARDED_AVAILABILITY = YES_AGGRESSIVE;
				CLANG_WARN_UNREACHABLE_CODE = YES;
				CLANG_WARN__DUPLICATE_METHOD_MATCH = YES;
				COPY_PHASE_STRIP = NO;
				DEBUG_INFORMATION_FORMAT = dwarf;
				ENABLE_STRICT_OBJC_MSGSEND = YES;
				ENABLE_TESTABILITY = YES;
				GCC_C_LANGUAGE_STANDARD = gnu11;
				GCC_DYNAMIC_NO_PIC = NO;
				GCC_NO_COMMON_BLOCKS = YES;
				GCC_OPTIMIZATION_LEVEL = 0;
				GCC_PREPROCESSOR_DEFINITIONS = (
					"DEBUG=1",
					"$(inherited)",
				);
				GCC_WARN_64_TO_32_BIT_CONVERSION = YES;
				GCC_WARN_ABOUT_RETURN_TYPE = YES_ERROR;
				GCC_WARN_UNDECLARED_SELECTOR = YES;
				GCC_WARN_UNINITIALIZED_AUTOS = YES_AGGRESSIVE;
				GCC_WARN_UNUSED_FUNCTION = YES;
				GCC_WARN_UNUSED_VARIABLE = YES;
				IPHONEOS_DEPLOYMENT_TARGET = 13.5;
				MTL_ENABLE_DEBUG_INFO = INCLUDE_SOURCE;
				MTL_FAST_MATH = YES;
				ONLY_ACTIVE_ARCH = YES;
				SDKROOT = iphoneos;
				SWIFT_ACTIVE_COMPILATION_CONDITIONS = DEBUG;
				SWIFT_OPTIMIZATION_LEVEL = "-Onone";
			};
			name = Debug;
		};
		5A30DE222491C6100097A07D /* Release */ = {
			isa = XCBuildConfiguration;
			buildSettings = {
				ALWAYS_SEARCH_USER_PATHS = NO;
				CLANG_ANALYZER_NONNULL = YES;
				CLANG_ANALYZER_NUMBER_OBJECT_CONVERSION = YES_AGGRESSIVE;
				CLANG_CXX_LANGUAGE_STANDARD = "gnu++14";
				CLANG_CXX_LIBRARY = "libc++";
				CLANG_ENABLE_MODULES = YES;
				CLANG_ENABLE_OBJC_ARC = YES;
				CLANG_ENABLE_OBJC_WEAK = YES;
				CLANG_WARN_BLOCK_CAPTURE_AUTORELEASING = YES;
				CLANG_WARN_BOOL_CONVERSION = YES;
				CLANG_WARN_COMMA = YES;
				CLANG_WARN_CONSTANT_CONVERSION = YES;
				CLANG_WARN_DEPRECATED_OBJC_IMPLEMENTATIONS = YES;
				CLANG_WARN_DIRECT_OBJC_ISA_USAGE = YES_ERROR;
				CLANG_WARN_DOCUMENTATION_COMMENTS = YES;
				CLANG_WARN_EMPTY_BODY = YES;
				CLANG_WARN_ENUM_CONVERSION = YES;
				CLANG_WARN_INFINITE_RECURSION = YES;
				CLANG_WARN_INT_CONVERSION = YES;
				CLANG_WARN_NON_LITERAL_NULL_CONVERSION = YES;
				CLANG_WARN_OBJC_IMPLICIT_RETAIN_SELF = YES;
				CLANG_WARN_OBJC_LITERAL_CONVERSION = YES;
				CLANG_WARN_OBJC_ROOT_CLASS = YES_ERROR;
				CLANG_WARN_RANGE_LOOP_ANALYSIS = YES;
				CLANG_WARN_STRICT_PROTOTYPES = YES;
				CLANG_WARN_SUSPICIOUS_MOVE = YES;
				CLANG_WARN_UNGUARDED_AVAILABILITY = YES_AGGRESSIVE;
				CLANG_WARN_UNREACHABLE_CODE = YES;
				CLANG_WARN__DUPLICATE_METHOD_MATCH = YES;
				COPY_PHASE_STRIP = NO;
				DEBUG_INFORMATION_FORMAT = "dwarf-with-dsym";
				ENABLE_NS_ASSERTIONS = NO;
				ENABLE_STRICT_OBJC_MSGSEND = YES;
				GCC_C_LANGUAGE_STANDARD = gnu11;
				GCC_NO_COMMON_BLOCKS = YES;
				GCC_WARN_64_TO_32_BIT_CONVERSION = YES;
				GCC_WARN_ABOUT_RETURN_TYPE = YES_ERROR;
				GCC_WARN_UNDECLARED_SELECTOR = YES;
				GCC_WARN_UNINITIALIZED_AUTOS = YES_AGGRESSIVE;
				GCC_WARN_UNUSED_FUNCTION = YES;
				GCC_WARN_UNUSED_VARIABLE = YES;
				IPHONEOS_DEPLOYMENT_TARGET = 13.5;
				MTL_ENABLE_DEBUG_INFO = NO;
				MTL_FAST_MATH = YES;
				SDKROOT = iphoneos;
				SWIFT_COMPILATION_MODE = wholemodule;
				SWIFT_OPTIMIZATION_LEVEL = "-O";
				VALIDATE_PRODUCT = YES;
			};
			name = Release;
		};
		5A30DE242491C6100097A07D /* Debug */ = {
			isa = XCBuildConfiguration;
			buildSettings = {
				ASSETCATALOG_COMPILER_APPICON_NAME = AppIcon;
				CODE_SIGN_STYLE = Automatic;
				DEVELOPMENT_TEAM = 8L4FPJX7XJ;
				INFOPLIST_FILE = Lunox/Info.plist;
				LD_RUNPATH_SEARCH_PATHS = (
					"$(inherited)",
					"@executable_path/Frameworks",
				);
				PRODUCT_BUNDLE_IDENTIFIER = com.setiawanjoddy.Lunox;
				PRODUCT_NAME = "$(TARGET_NAME)";
				SWIFT_VERSION = 5.0;
				TARGETED_DEVICE_FAMILY = "1,2";
			};
			name = Debug;
		};
		5A30DE252491C6100097A07D /* Release */ = {
			isa = XCBuildConfiguration;
			buildSettings = {
				ASSETCATALOG_COMPILER_APPICON_NAME = AppIcon;
				CODE_SIGN_STYLE = Automatic;
				DEVELOPMENT_TEAM = 8L4FPJX7XJ;
				INFOPLIST_FILE = Lunox/Info.plist;
				LD_RUNPATH_SEARCH_PATHS = (
					"$(inherited)",
					"@executable_path/Frameworks",
				);
				PRODUCT_BUNDLE_IDENTIFIER = com.setiawanjoddy.Lunox;
				PRODUCT_NAME = "$(TARGET_NAME)";
				SWIFT_VERSION = 5.0;
				TARGETED_DEVICE_FAMILY = "1,2";
			};
			name = Release;
		};
/* End XCBuildConfiguration section */

/* Begin XCConfigurationList section */
		5A30DE0A2491C6100097A07D /* Build configuration list for PBXProject "Lunox" */ = {
			isa = XCConfigurationList;
			buildConfigurations = (
				5A30DE212491C6100097A07D /* Debug */,
				5A30DE222491C6100097A07D /* Release */,
			);
			defaultConfigurationIsVisible = 0;
			defaultConfigurationName = Release;
		};
		5A30DE232491C6100097A07D /* Build configuration list for PBXNativeTarget "Lunox" */ = {
			isa = XCConfigurationList;
			buildConfigurations = (
				5A30DE242491C6100097A07D /* Debug */,
				5A30DE252491C6100097A07D /* Release */,
			);
			defaultConfigurationIsVisible = 0;
			defaultConfigurationName = Release;
		};
/* End XCConfigurationList section */
	};
	rootObject = 5A30DE072491C6100097A07D /* Project object */;
}
